{"version":4,"terraform_version":"1.9.0","serial":1,"lineage":"adb2e708-6500-2ad2-ade8-29a1a1efa4e3","outputs":{},"resources":[{"mode":"managed","type":"github_repository","name":"example-aji-tofu","provider":"provider[\"registry.opentofu.org/integrations/github\"]","instances":[{"schema_version":1,"attributes":{"allow_auto_merge":false,"allow_merge_commit":true,"allow_rebase_merge":true,"allow_squash_merge":true,"allow_update_branch":false,"archive_on_destroy":null,"archived":false,"auto_init":null,"default_branch":"main","delete_branch_on_merge":false,"description":"hehe from tofu","etag":"W/\"cd716e0b3461037908bf6becc6d5a6ae5c94ee29573e14896a5c641aedb610ba\"","full_name":"ajitirto/example-aji-tofu","git_clone_url":"git://github.com/ajitirto/example-aji-tofu.git","gitignore_template":null,"has_discussions":false,"has_downloads":false,"has_issues":false,"has_projects":false,"has_wiki":false,"homepage_url":"","html_url":"https://github.com/ajitirto/example-aji-tofu","http_clone_url":"https://github.com/ajitirto/example-aji-tofu.git","id":"example-aji-tofu","ignore_vulnerability_alerts_during_read":null,"is_template":false,"license_template":null,"merge_commit_message":"PR_TITLE","merge_commit_title":"MERGE_MESSAGE","name":"example-aji-tofu","node_id":"R_kgDONmCkhQ","pages":[],"primary_language":"","private":false,"repo_id":912303237,"security_and_analysis":[{"advanced_security":[],"secret_scanning":[{"status":"enabled"}],"secret_scanning_push_protection":[{"status":"enabled"}]}],"squash_merge_commit_message":"COMMIT_MESSAGES","squash_merge_commit_title":"COMMIT_OR_PR_TITLE","ssh_clone_url":"git@github.com:ajitirto/example-aji-tofu.git","svn_url":"https://github.com/ajitirto/example-aji-tofu","template":[],"topics":[],"visibility":"public","vulnerability_alerts":false,"web_commit_signoff_required":false},"sensitive_attributes":[],"private":"eyJzY2hlbWFfdmVyc2lvbiI6IjEifQ=="}]}],"check_results":null}
